
Microsoft Visual Studio Solution File, Format Version 12.00
# Visual Studio Version 17
VisualStudioVersion = 17.3.32929.385
MinimumVisualStudioVersion = 10.0.40219.1
Project("{FAE04EC0-301F-11D3-BF4B-00C04F79EFBC}") = "DeepLearning", "DeepLearning.csproj", "{3E7070A9-54F4-4137-A4F5-938F6C5CFED8}"
EndProject
Global
	GlobalSection(SolutionConfigurationPlatforms) = preSolution
		Debug|Any CPU = Debug|Any CPU
		Release|Any CPU = Release|Any CPU
	EndGlobalSection
	GlobalSection(ProjectConfigurationPlatforms) = postSolution
		{3E7070A9-54F4-4137-A4F5-938F6C5CFED8}.Debug|Any CPU.ActiveCfg = Debug|Any CPU
		{3E7070A9-54F4-4137-A4F5-938F6C5CFED8}.Debug|Any CPU.Build.0 = Debug|Any CPU
		{3E7070A9-54F4-4137-A4F5-938F6C5CFED8}.Release|Any CPU.ActiveCfg = Release|Any CPU
		{3E7070A9-54F4-4137-A4F5-938F6C5CFED8}.Release|Any CPU.Build.0 = Release|Any CPU
	EndGlobalSection
	GlobalSection(SolutionProperties) = preSolution
		HideSolutionNode = FALSE
	EndGlobalSection
	GlobalSection(ExtensibilityGlobals) = postSolution
		SolutionGuid = {2DFF5BCC-89DA-4FE2-924B-7CD5D2F74972}
	EndGlobalSection
EndGlobal
